
Microsoft Visual Studio Solution File, Format Version 12.00
# Visual Studio 15
VisualStudioVersion = 15.0.26730.16
MinimumVisualStudioVersion = 10.0.40219.1
Project("{FAE04EC0-301F-11D3-BF4B-00C04F79EFBC}") = "SqlClrCurl", "SqlClrCurl.csproj", "{265E0BC3-AD5F-44F3-BB17-C61F77B9847F}"
EndProject
Global
	GlobalSection(SolutionConfigurationPlatforms) = preSolution
		Debug|Any CPU = Debug|Any CPU
		Release|Any CPU = Release|Any CPU
	EndGlobalSection
	GlobalSection(ProjectConfigurationPlatforms) = postSolution
		{265E0BC3-AD5F-44F3-BB17-C61F77B9847F}.Debug|Any CPU.ActiveCfg = Debug|Any CPU
		{265E0BC3-AD5F-44F3-BB17-C61F77B9847F}.Debug|Any CPU.Build.0 = Debug|Any CPU
		{265E0BC3-AD5F-44F3-BB17-C61F77B9847F}.Release|Any CPU.ActiveCfg = Release|Any CPU
		{265E0BC3-AD5F-44F3-BB17-C61F77B9847F}.Release|Any CPU.Build.0 = Release|Any CPU
	EndGlobalSection
	GlobalSection(SolutionProperties) = preSolution
		HideSolutionNode = FALSE
	EndGlobalSection
	GlobalSection(ExtensibilityGlobals) = postSolution
		SolutionGuid = {54C7E749-77A3-460D-A89A-5AB7943A1F15}
	EndGlobalSection
EndGlobal
